// !$*UTF8*$!
{
	archiveVersion = 1;
	classes = {
	};
	objectVersion = 48;
	objects = {

/* Begin PBXBuildFile section */
		C9285AD91FAA762C0006B298 /* AppDelegate.swift in Sources */ = {isa = PBXBuildFile; fileRef = C9285AD81FAA762C0006B298 /* AppDelegate.swift */; };
		C9285ADB1FAA762C0006B298 /* TipViewController.swift in Sources */ = {isa = PBXBuildFile; fileRef = C9285ADA1FAA762C0006B298 /* TipViewController.swift */; };
		C9285ADE1FAA762C0006B298 /* Main.storyboard in Resources */ = {isa = PBXBuildFile; fileRef = C9285ADC1FAA762C0006B298 /* Main.storyboard */; };
		C9285AE01FAA762C0006B298 /* Assets.xcassets in Resources */ = {isa = PBXBuildFile; fileRef = C9285ADF1FAA762C0006B298 /* Assets.xcassets */; };
		C9285AE31FAA762C0006B298 /* LaunchScreen.storyboard in Resources */ = {isa = PBXBuildFile; fileRef = C9285AE11FAA762C0006B298 /* LaunchScreen.storyboard */; };
		C948B6D31FAD4B83006FBD4E /* SettingsViewController.swift in Sources */ = {isa = PBXBuildFile; fileRef = C948B6D21FAD4B83006FBD4E /* SettingsViewController.swift */; };
/* End PBXBuildFile section */

/* Begin PBXFileReference section */
		C9285AD51FAA762C0006B298 /* TipCalculator2.app */ = {isa = PBXFileReference; explicitFileType = wrapper.application; includeInIndex = 0; path = TipCalculator2.app; sourceTree = BUILT_PRODUCTS_DIR; };
		C9285AD81FAA762C0006B298 /* AppDelegate.swift */ = {isa = PBXFileReference; lastKnownFileType = sourcecode.swift; path = AppDelegate.swift; sourceTree = "<group>"; };
		C9285ADA1FAA762C0006B298 /* TipViewController.swift */ = {isa = PBXFileReference; lastKnownFileType = sourcecode.swift; path = TipViewController.swift; sourceTree = "<group>"; };
		C9285ADD1FAA762C0006B298 /* Base */ = {isa = PBXFileReference; lastKnownFileType = file.storyboard; name = Base; path = Base.lproj/Main.storyboard; sourceTree = "<group>"; };
		C9285ADF1FAA762C0006B298 /* Assets.xcassets */ = {isa = PBXFileReference; lastKnownFileType = folder.assetcatalog; path = Assets.xcassets; sourceTree = "<group>"; };
		C9285AE21FAA762C0006B298 /* Base */ = {isa = PBXFileReference; lastKnownFileType = file.storyboard; name = Base; path = Base.lproj/LaunchScreen.storyboard; sourceTree = "<group>"; };
		C9285AE41FAA762C0006B298 /* Info.plist */ = {isa = PBXFileReference; lastKnownFileType = text.plist.xml; path = Info.plist; sourceTree = "<group>"; };
		C948B6D21FAD4B83006FBD4E /* SettingsViewController.swift */ = {isa = PBXFileReference; lastKnownFileType = sourcecode.swift; path = SettingsViewController.swift; sourceTree = "<group>"; };
/* End PBXFileReference section */

/* Begin PBXFrameworksBuildPhase section */
		C9285AD21FAA762C0006B298 /* Frameworks */ = {
			isa = PBXFrameworksBuildPhase;
			buildActionMask = 2147483647;
			files = (
			);
			runOnlyForDeploymentPostprocessing = 0;
		};
/* End PBXFrameworksBuildPhase section */

/* Begin PBXGroup section */
		C9285ACC1FAA762C0006B298 = {
			isa = PBXGroup;
			children = (
				C9285AD71FAA762C0006B298 /* TipCalculator2 */,
				C9285AD61FAA762C0006B298 /* Products */,
			);
			sourceTree = "<group>";
		};
		C9285AD61FAA762C0006B298 /* Products */ = {
			isa = PBXGroup;
			children = (
				C9285AD51FAA762C0006B298 /* TipCalculator2.app */,
			);
			name = Products;
			sourceTree = "<group>";
		};
		C9285AD71FAA762C0006B298 /* TipCalculator2 */ = {
			isa = PBXGroup;
			children = (
				C9285AD81FAA762C0006B298 /* AppDelegate.swift */,
				C9285ADA1FAA762C0006B298 /* TipViewController.swift */,
				C948B6D21FAD4B83006FBD4E /* SettingsViewController.swift */,
				C9285ADC1FAA762C0006B298 /* Main.storyboard */,
				C9285ADF1FAA762C0006B298 /* Assets.xcassets */,
				C9285AE11FAA762C0006B298 /* LaunchScreen.storyboard */,
				C9285AE41FAA762C0006B298 /* Info.plist */,
			);
			path = TipCalculator2;
			sourceTree = "<group>";
		};
/* End PBXGroup section */

/* Begin PBXNativeTarget section */
		C9285AD41FAA762C0006B298 /* TipCalculator2 */ = {
			isa = PBXNativeTarget;
			buildConfigurationList = C9285AE71FAA762C0006B298 /* Build configuration list for PBXNativeTarget "TipCalculator2" */;
			buildPhases = (
				C9285AD11FAA762C0006B298 /* Sources */,
				C9285AD21FAA762C0006B298 /* Frameworks */,
				C9285AD31FAA762C0006B298 /* Resources */,
			);
			buildRules = (
			);
			dependencies = (
			);
			name = TipCalculator2;
			productName = TipCalculator2;
			productReference = C9285AD51FAA762C0006B298 /* TipCalculator2.app */;
			productType = "com.apple.product-type.application";
		};
/* End PBXNativeTarget section */

/* Begin PBXProject section */
		C9285ACD1FAA762C0006B298 /* Project object */ = {
			isa = PBXProject;
			attributes = {
				LastSwiftUpdateCheck = 0900;
				LastUpgradeCheck = 0900;
				ORGANIZATIONNAME = "Timothy Mak";
				TargetAttributes = {
					C9285AD41FAA762C0006B298 = {
						CreatedOnToolsVersion = 9.0.1;
						ProvisioningStyle = Automatic;
					};
				};
			};
			buildConfigurationList = C9285AD01FAA762C0006B298 /* Build configuration list for PBXProject "TipCalculator2" */;
			compatibilityVersion = "Xcode 8.0";
			developmentRegion = en;
			hasScannedForEncodings = 0;
			knownRegions = (
				en,
				Base,
			);
			mainGroup = C9285ACC1FAA762C0006B298;
			productRefGroup = C9285AD61FAA762C0006B298 /* Products */;
			projectDirPath = "";
			projectRoot = "";
			targets = (
				C9285AD41FAA762C0006B298 /* TipCalculator2 */,
			);
		};
/* End PBXProject section */

/* Begin PBXResourcesBuildPhase section */
		C9285AD31FAA762C0006B298 /* Resources */ = {
			isa = PBXResourcesBuildPhase;
			buildActionMask = 2147483647;
			files = (
				C9285AE31FAA762C0006B298 /* LaunchScreen.storyboard in Resources */,
				C9285AE01FAA762C0006B298 /* Assets.xcassets in Resources */,
				C9285ADE1FAA762C0006B298 /* Main.storyboard in Resources */,
			);
			runOnlyForDeploymentPostprocessing = 0;
		};
/* End PBXResourcesBuildPhase section */

/* Begin PBXSourcesBuildPhase section */
		C9285AD11FAA762C0006B298 /* Sources */ = {
			isa = PBXSourcesBuildPhase;
			buildActionMask = 2147483647;
			files = (
				C9285ADB1FAA762C0006B298 /* TipViewController.swift in Sources */,
				C9285AD91FAA762C0006B298 /* AppDelegate.swift in Sources */,
				C948B6D31FAD4B83006FBD4E /* SettingsViewController.swift in Sources */,
			);
			runOnlyForDeploymentPostprocessing = 0;
		};
/* End PBXSourcesBuildPhase section */

/* Begin PBXVariantGroup section */
		C9285ADC1FAA762C0006B298 /* Main.storyboard */ = {
			isa = PBXVariantGroup;
			children = (
				C9285ADD1FAA762C0006B298 /* Base */,
			);
			name = Main.storyboard;
			sourceTree = "<group>";
		};
		C9285AE11FAA762C0006B298 /* LaunchScreen.storyboard */ = {
			isa = PBXVariantGroup;
			children = (
				C9285AE21FAA762C0006B298 /* Base */,
			);
			name = LaunchScreen.storyboard;
			sourceTree = "<group>";
		};
/* End PBXVariantGroup section */

/* Begin XCBuildConfiguration section */
		C9285AE51FAA762C0006B298 /* Debug */ = {
			isa = XCBuildConfiguration;
			buildSettings = {
				ALWAYS_SEARCH_USER_PATHS = NO;
				CLANG_ANALYZER_NONNULL = YES;
				CLANG_ANALYZER_NUMBER_OBJECT_CONVERSION = YES_AGGRESSIVE;
				CLANG_CXX_LANGUAGE_STANDARD = "gnu++14";
				CLANG_CXX_LIBRARY = "libc++";
				CLANG_ENABLE_MODULES = YES;
				CLANG_ENABLE_OBJC_ARC = YES;
				CLANG_WARN_BLOCK_CAPTURE_AUTORELEASING = YES;
				CLANG_WARN_BOOL_CONVERSION = YES;
				CLANG_WARN_COMMA = YES;
				CLANG_WARN_CONSTANT_CONVERSION = YES;
				CLANG_WARN_DIRECT_OBJC_ISA_USAGE = YES_ERROR;
				CLANG_WARN_DOCUMENTATION_COMMENTS = YES;
				CLANG_WARN_EMPTY_BODY = YES;
				CLANG_WARN_ENUM_CONVERSION = YES;
				CLANG_WARN_INFINITE_RECURSION = YES;
				CLANG_WARN_INT_CONVERSION = YES;
				CLANG_WARN_NON_LITERAL_NULL_CONVERSION = YES;
				CLANG_WARN_OBJC_LITERAL_CONVERSION = YES;
				CLANG_WARN_OBJC_ROOT_CLASS = YES_ERROR;
				CLANG_WARN_RANGE_LOOP_ANALYSIS = YES;
				CLANG_WARN_STRICT_PROTOTYPES = YES;
				CLANG_WARN_SUSPICIOUS_MOVE = YES;
				CLANG_WARN_UNGUARDED_AVAILABILITY = YES_AGGRESSIVE;
				CLANG_WARN_UNREACHABLE_CODE = YES;
				CLANG_WARN__DUPLICATE_METHOD_MATCH = YES;
				CODE_SIGN_IDENTITY = "iPhone Developer";
				COPY_PHASE_STRIP = NO;
				DEBUG_INFORMATION_FORMAT = dwarf;
				ENABLE_STRICT_OBJC_MSGSEND = YES;
				ENABLE_TESTABILITY = YES;
				GCC_C_LANGUAGE_STANDARD = gnu11;
				GCC_DYNAMIC_NO_PIC = NO;
				GCC_NO_COMMON_BLOCKS = YES;
				GCC_OPTIMIZATION_LEVEL = 0;
				GCC_PREPROCESSOR_DEFINITIONS = (
					"DEBUG=1",
					"$(inherited)",
				);
				GCC_WARN_64_TO_32_BIT_CONVERSION = YES;
				GCC_WARN_ABOUT_RETURN_TYPE = YES_ERROR;
				GCC_WARN_UNDECLARED_SELECTOR = YES;
				GCC_WARN_UNINITIALIZED_AUTOS = YES_AGGRESSIVE;
				GCC_WARN_UNUSED_FUNCTION = YES;
				GCC_WARN_UNUSED_VARIABLE = YES;
				IPHONEOS_DEPLOYMENT_TARGET = 11.0;
				MTL_ENABLE_DEBUG_INFO = YES;
				ONLY_ACTIVE_ARCH = YES;
				SDKROOT = iphoneos;
				SWIFT_ACTIVE_COMPILATION_CONDITIONS = DEBUG;
				SWIFT_OPTIMIZATION_LEVEL = "-Onone";
			};
			name = Debug;
		};
		C9285AE61FAA762C0006B298 /* Release */ = {
			isa = XCBuildConfiguration;
			buildSettings = {
				ALWAYS_SEARCH_USER_PATHS = NO;
				CLANG_ANALYZER_NONNULL = YES;
				CLANG_ANALYZER_NUMBER_OBJECT_CONVERSION = YES_AGGRESSIVE;
				CLANG_CXX_LANGUAGE_STANDARD = "gnu++14";
				CLANG_CXX_LIBRARY = "libc++";
				CLANG_ENABLE_MODULES = YES;
				CLANG_ENABLE_OBJC_ARC = YES;
				CLANG_WARN_BLOCK_CAPTURE_AUTORELEASING = YES;
				CLANG_WARN_BOOL_CONVERSION = YES;
				CLANG_WARN_COMMA = YES;
				CLANG_WARN_CONSTANT_CONVERSION = YES;
				CLANG_WARN_DIRECT_OBJC_ISA_USAGE = YES_ERROR;
				CLANG_WARN_DOCUMENTATION_COMMENTS = YES;
				CLANG_WARN_EMPTY_BODY = YES;
				CLANG_WARN_ENUM_CONVERSION = YES;
				CLANG_WARN_INFINITE_RECURSION = YES;
				CLANG_WARN_INT_CONVERSION = YES;
				CLANG_WARN_NON_LITERAL_NULL_CONVERSION = YES;
				CLANG_WARN_OBJC_LITERAL_CONVERSION = YES;
				CLANG_WARN_OBJC_ROOT_CLASS = YES_ERROR;
				CLANG_WARN_RANGE_LOOP_ANALYSIS = YES;
				CLANG_WARN_STRICT_PROTOTYPES = YES;
				CLANG_WARN_SUSPICIOUS_MOVE = YES;
				CLANG_WARN_UNGUARDED_AVAILABILITY = YES_AGGRESSIVE;
				CLANG_WARN_UNREACHABLE_CODE = YES;
				CLANG_WARN__DUPLICATE_METHOD_MATCH = YES;
				CODE_SIGN_IDENTITY = "iPhone Developer";
				COPY_PHASE_STRIP = NO;
				DEBUG_INFORMATION_FORMAT = "dwarf-with-dsym";
				ENABLE_NS_ASSERTIONS = NO;
				ENABLE_STRICT_OBJC_MSGSEND = YES;
				GCC_C_LANGUAGE_STANDARD = gnu11;
				GCC_NO_COMMON_BLOCKS = YES;
				GCC_WARN_64_TO_32_BIT_CONVERSION = YES;
				GCC_WARN_ABOUT_RETURN_TYPE = YES_ERROR;
				GCC_WARN_UNDECLARED_SELECTOR = YES;
				GCC_WARN_UNINITIALIZED_AUTOS = YES_AGGRESSIVE;
				GCC_WARN_UNUSED_FUNCTION = YES;
				GCC_WARN_UNUSED_VARIABLE = YES;
				IPHONEOS_DEPLOYMENT_TARGET = 11.0;
				MTL_ENABLE_DEBUG_INFO = NO;
				SDKROOT = iphoneos;
				SWIFT_OPTIMIZATION_LEVEL = "-Owholemodule";
				VALIDATE_PRODUCT = YES;
			};
			name = Release;
		};
		C9285AE81FAA762C0006B298 /* Debug */ = {
			isa = XCBuildConfiguration;
			buildSettings = {
				ASSETCATALOG_COMPILER_APPICON_NAME = AppIcon;
				CODE_SIGN_STYLE = Automatic;
				INFOPLIST_FILE = TipCalculator2/Info.plist;
				LD_RUNPATH_SEARCH_PATHS = "$(inherited) @executable_path/Frameworks";
				PRODUCT_BUNDLE_IDENTIFIER = "com.timothy-mak.TipCalculator2";
				PRODUCT_NAME = "$(TARGET_NAME)";
				SWIFT_VERSION = 4.0;
				TARGETED_DEVICE_FAMILY = "1,2";
			};
			name = Debug;
		};
		C9285AE91FAA762C0006B298 /* Release */ = {
			isa = XCBuildConfiguration;
			buildSettings = {
				ASSETCATALOG_COMPILER_APPICON_NAME = AppIcon;
				CODE_SIGN_STYLE = Automatic;
				INFOPLIST_FILE = TipCalculator2/Info.plist;
				LD_RUNPATH_SEARCH_PATHS = "$(inherited) @executable_path/Frameworks";
				PRODUCT_BUNDLE_IDENTIFIER = "com.timothy-mak.TipCalculator2";
				PRODUCT_NAME = "$(TARGET_NAME)";
				SWIFT_VERSION = 4.0;
				TARGETED_DEVICE_FAMILY = "1,2";
			};
			name = Release;
		};
/* End XCBuildConfiguration section */

/* Begin XCConfigurationList section */
		C9285AD01FAA762C0006B298 /* Build configuration list for PBXProject "TipCalculator2" */ = {
			isa = XCConfigurationList;
			buildConfigurations = (
				C9285AE51FAA762C0006B298 /* Debug */,
				C9285AE61FAA762C0006B298 /* Release */,
			);
			defaultConfigurationIsVisible = 0;
			defaultConfigurationName = Release;
		};
		C9285AE71FAA762C0006B298 /* Build configuration list for PBXNativeTarget "TipCalculator2" */ = {
			isa = XCConfigurationList;
			buildConfigurations = (
				C9285AE81FAA762C0006B298 /* Debug */,
				C9285AE91FAA762C0006B298 /* Release */,
			);
			defaultConfigurationIsVisible = 0;
			defaultConfigurationName = Release;
		};
/* End XCConfigurationList section */
	};
	rootObject = C9285ACD1FAA762C0006B298 /* Project object */;
}
